
Microsoft Visual Studio Solution File, Format Version 12.00
# Visual Studio 14
VisualStudioVersion = 14.0.25420.1
MinimumVisualStudioVersion = 10.0.40219.1
Project("{FAE04EC0-301F-11D3-BF4B-00C04F79EFBC}") = "Web", "Web\Web.csproj", "{538F43B5-3F24-427F-8135-0E3624D4A0B6}"
EndProject
Project("{FAE04EC0-301F-11D3-BF4B-00C04F79EFBC}") = "BaseModels", "Models\BaseModels.csproj", "{2A1EEBC3-1D23-4C28-A62D-5D394C9323BD}"
EndProject
Global
	GlobalSection(SolutionConfigurationPlatforms) = preSolution
		Debug|Any CPU = Debug|Any CPU
		Release|Any CPU = Release|Any CPU
	EndGlobalSection
	GlobalSection(ProjectConfigurationPlatforms) = postSolution
		{538F43B5-3F24-427F-8135-0E3624D4A0B6}.Debug|Any CPU.ActiveCfg = Debug|Any CPU
		{538F43B5-3F24-427F-8135-0E3624D4A0B6}.Debug|Any CPU.Build.0 = Debug|Any CPU
		{538F43B5-3F24-427F-8135-0E3624D4A0B6}.Release|Any CPU.ActiveCfg = Release|Any CPU
		{538F43B5-3F24-427F-8135-0E3624D4A0B6}.Release|Any CPU.Build.0 = Release|Any CPU
		{2A1EEBC3-1D23-4C28-A62D-5D394C9323BD}.Debug|Any CPU.ActiveCfg = Debug|Any CPU
		{2A1EEBC3-1D23-4C28-A62D-5D394C9323BD}.Debug|Any CPU.Build.0 = Debug|Any CPU
		{2A1EEBC3-1D23-4C28-A62D-5D394C9323BD}.Release|Any CPU.ActiveCfg = Release|Any CPU
		{2A1EEBC3-1D23-4C28-A62D-5D394C9323BD}.Release|Any CPU.Build.0 = Release|Any CPU
	EndGlobalSection
	GlobalSection(SolutionProperties) = preSolution
		HideSolutionNode = FALSE
	EndGlobalSection
EndGlobal
