
Microsoft Visual Studio Solution File, Format Version 12.00
# Visual Studio 14
VisualStudioVersion = 14.0.25420.1
MinimumVisualStudioVersion = 10.0.40219.1
Project("{FAE04EC0-301F-11D3-BF4B-00C04F79EFBC}") = "Aula1206", "Aula1206\Aula1206.csproj", "{53E8E23A-4664-4C41-A086-607E2CD7065F}"
EndProject
Global
	GlobalSection(SolutionConfigurationPlatforms) = preSolution
		Debug|Any CPU = Debug|Any CPU
		Release|Any CPU = Release|Any CPU
	EndGlobalSection
	GlobalSection(ProjectConfigurationPlatforms) = postSolution
		{53E8E23A-4664-4C41-A086-607E2CD7065F}.Debug|Any CPU.ActiveCfg = Debug|Any CPU
		{53E8E23A-4664-4C41-A086-607E2CD7065F}.Debug|Any CPU.Build.0 = Debug|Any CPU
		{53E8E23A-4664-4C41-A086-607E2CD7065F}.Release|Any CPU.ActiveCfg = Release|Any CPU
		{53E8E23A-4664-4C41-A086-607E2CD7065F}.Release|Any CPU.Build.0 = Release|Any CPU
	EndGlobalSection
	GlobalSection(SolutionProperties) = preSolution
		HideSolutionNode = FALSE
	EndGlobalSection
EndGlobal
